
Microsoft Visual Studio Solution File, Format Version 12.00
# Visual Studio Version 17
VisualStudioVersion = 17.0.32126.317
MinimumVisualStudioVersion = 10.0.40219.1
Project("{FAE04EC0-301F-11D3-BF4B-00C04F79EFBC}") = "CST-150_Activity2.1", "CST-150_Activity2.1\CST-150_Activity2.1.csproj", "{12C9CD9D-8325-4D02-98F9-B448EAFF6D1E}"
EndProject
Global
	GlobalSection(SolutionConfigurationPlatforms) = preSolution
		Debug|Any CPU = Debug|Any CPU
		Release|Any CPU = Release|Any CPU
	EndGlobalSection
	GlobalSection(ProjectConfigurationPlatforms) = postSolution
		{12C9CD9D-8325-4D02-98F9-B448EAFF6D1E}.Debug|Any CPU.ActiveCfg = Debug|Any CPU
		{12C9CD9D-8325-4D02-98F9-B448EAFF6D1E}.Debug|Any CPU.Build.0 = Debug|Any CPU
		{12C9CD9D-8325-4D02-98F9-B448EAFF6D1E}.Release|Any CPU.ActiveCfg = Release|Any CPU
		{12C9CD9D-8325-4D02-98F9-B448EAFF6D1E}.Release|Any CPU.Build.0 = Release|Any CPU
	EndGlobalSection
	GlobalSection(SolutionProperties) = preSolution
		HideSolutionNode = FALSE
	EndGlobalSection
	GlobalSection(ExtensibilityGlobals) = postSolution
		SolutionGuid = {C5AD4785-D8E3-438A-8C85-CA9913A507C7}
	EndGlobalSection
EndGlobal
